{
  "name": "simplelogin",
  "version": "1.0.0",
  "lockfileVersion": 1,
  "requires": true,
  "dependencies": {
    "@babel/helper-string-parser": {
      "version": "7.25.9",
      "resolved": "https://registry.npmjs.org/@babel/helper-string-parser/-/helper-string-parser-7.25.9.tgz",
      "integrity": "sha512-4A/SCr/2KLd5jrtOMFzaKjVtAei3+2r/NChoBNoZ3EyP/+GlhoaEGoWOZUmFmoITP7zOJyHIMm+DYRd8o3PvHA=="
    },
    "@babel/helper-validator-identifier": {
      "version": "7.25.9",
      "resolved": "https://registry.npmjs.org/@babel/helper-validator-identifier/-/helper-validator-identifier-7.25.9.tgz",
      "integrity": "sha512-Ed61U6XJc3CVRfkERJWDz4dJwKe7iLmmJsbOGu9wSloNSFttHV0I8g6UAgb7qnK5ly5bGLPd4oXZlxCdANBOWQ=="
    },
    "@babel/parser": {
      "version": "7.26.3",
      "resolved": "https://registry.npmjs.org/@babel/parser/-/parser-7.26.3.tgz",
      "integrity": "sha512-WJ/CvmY8Mea8iDXo6a7RK2wbmJITT5fN3BEkRuFlxVyNx8jOKIIhmC4fSkTcPcf8JyavbBwIe6OpiCOBXt/IcA==",
      "requires": {
        "@babel/types": "^7.26.3"
      }
    },
    "@babel/types": {
      "version": "7.26.3",
      "resolved": "https://registry.npmjs.org/@babel/types/-/types-7.26.3.tgz",
      "integrity": "sha512-vN5p+1kl59GVKMvTHt55NzzmYVxprfJD+ql7U9NFIfKCBkYE55LYtS+WtPlaYOyzydrKI8Nezd+aZextrd+FMA==",
      "requires": {
        "@babel/helper-string-parser": "^7.25.9",
        "@babel/helper-validator-identifier": "^7.25.9"
      }
    },
    "@sentry-internal/feedback": {
      "version": "7.119.1",
      "resolved": "https://registry.npmjs.org/@sentry-internal/feedback/-/feedback-7.119.1.tgz",
      "integrity": "sha512-EPyW6EKZmhKpw/OQUPRkTynXecZdYl4uhZwdZuGqnGMAzswPOgQvFrkwsOuPYvoMfXqCH7YuRqyJrox3uBOrTA==",
      "requires": {
        "@sentry/core": "7.119.1",
        "@sentry/types": "7.119.1",
        "@sentry/utils": "7.119.1"
      }
    },
    "@sentry-internal/replay-canvas": {
      "version": "7.119.1",
      "resolved": "https://registry.npmjs.org/@sentry-internal/replay-canvas/-/replay-canvas-7.119.1.tgz",
      "integrity": "sha512-O/lrzENbMhP/UDr7LwmfOWTjD9PLNmdaCF408Wx8SDuj7Iwc+VasGfHg7fPH4Pdr4nJON6oh+UqoV4IoG05u+A==",
      "requires": {
        "@sentry/core": "7.119.1",
        "@sentry/replay": "7.119.1",
        "@sentry/types": "7.119.1",
        "@sentry/utils": "7.119.1"
      }
    },
    "@sentry-internal/tracing": {
      "version": "7.119.1",
      "resolved": "https://registry.npmjs.org/@sentry-internal/tracing/-/tracing-7.119.1.tgz",
      "integrity": "sha512-cI0YraPd6qBwvUA3wQdPGTy8PzAoK0NZiaTN1LM3IczdPegehWOaEG5GVTnpGnTsmBAzn1xnBXNBhgiU4dgcrQ==",
      "requires": {
        "@sentry/core": "7.119.1",
        "@sentry/types": "7.119.1",
        "@sentry/utils": "7.119.1"
      }
    },
    "@sentry/browser": {
      "version": "7.119.1",
      "resolved": "https://registry.npmjs.org/@sentry/browser/-/browser-7.119.1.tgz",
      "integrity": "sha512-aMwAnFU4iAPeLyZvqmOQaEDHt/Dkf8rpgYeJ0OEi50dmP6AjG+KIAMCXU7CYCCQDn70ITJo8QD5+KzCoZPYz0A==",
      "requires": {
        "@sentry-internal/feedback": "7.119.1",
        "@sentry-internal/replay-canvas": "7.119.1",
        "@sentry-internal/tracing": "7.119.1",
        "@sentry/core": "7.119.1",
        "@sentry/integrations": "7.119.1",
        "@sentry/replay": "7.119.1",
        "@sentry/types": "7.119.1",
        "@sentry/utils": "7.119.1"
      }
    },
    "@sentry/core": {
      "version": "7.119.1",
      "resolved": "https://registry.npmjs.org/@sentry/core/-/core-7.119.1.tgz",
      "integrity": "sha512-YUNnH7O7paVd+UmpArWCPH4Phlb5LwrkWVqzFWqL3xPyCcTSof2RL8UmvpkTjgYJjJ+NDfq5mPFkqv3aOEn5Sw==",
      "requires": {
        "@sentry/types": "7.119.1",
        "@sentry/utils": "7.119.1"
      }
    },
    "@sentry/integrations": {
      "version": "7.119.1",
      "resolved": "https://registry.npmjs.org/@sentry/integrations/-/integrations-7.119.1.tgz",
      "integrity": "sha512-CGmLEPnaBqbUleVqrmGYjRjf5/OwjUXo57I9t0KKWViq81mWnYhaUhRZWFNoCNQHns+3+GPCOMvl0zlawt+evw==",
      "requires": {
        "@sentry/core": "7.119.1",
        "@sentry/types": "7.119.1",
        "@sentry/utils": "7.119.1",
        "localforage": "^1.8.1"
      }
    },
    "@sentry/replay": {
      "version": "7.119.1",
      "resolved": "https://registry.npmjs.org/@sentry/replay/-/replay-7.119.1.tgz",
      "integrity": "sha512-4da+ruMEipuAZf35Ybt2StBdV1S+oJbSVccGpnl9w6RoeQoloT4ztR6ML3UcFDTXeTPT1FnHWDCyOfST0O7XMw==",
      "requires": {
        "@sentry-internal/tracing": "7.119.1",
        "@sentry/core": "7.119.1",
        "@sentry/types": "7.119.1",
        "@sentry/utils": "7.119.1"
      }
    },
    "@sentry/types": {
      "version": "7.119.1",
      "resolved": "https://registry.npmjs.org/@sentry/types/-/types-7.119.1.tgz",
      "integrity": "sha512-4G2mcZNnYzK3pa2PuTq+M2GcwBRY/yy1rF+HfZU+LAPZr98nzq2X3+mJHNJoobeHRkvVh7YZMPi4ogXiIS5VNQ=="
    },
    "@sentry/utils": {
      "version": "7.119.1",
      "resolved": "https://registry.npmjs.org/@sentry/utils/-/utils-7.119.1.tgz",
      "integrity": "sha512-ju/Cvyeu/vkfC5/XBV30UNet5kLEicZmXSyuLwZu95hEbL+foPdxN+re7pCI/eNqfe3B2vz7lvz5afLVOlQ2Hg==",
      "requires": {
        "@sentry/types": "7.119.1"
      }
    },
    "@vue/compiler-core": {
      "version": "3.0.0",
      "resolved": "https://registry.npmjs.org/@vue/compiler-core/-/compiler-core-3.0.0.tgz",
      "integrity": "sha512-XqPC7vdv4rFE77S71oCHmT1K4Ks3WE2Gi6Lr4B5wn0Idmp+NyQQBUHsCNieMDRiEpgtJrw+yOHslrsV0AfAsfQ==",
      "requires": {
        "@babel/parser": "^7.11.5",
        "@babel/types": "^7.11.5",
        "@vue/shared": "3.0.0",
        "estree-walker": "^2.0.1",
        "source-map": "^0.6.1"
      }
    },
    "@vue/compiler-dom": {
      "version": "3.0.0",
      "resolved": "https://registry.npmjs.org/@vue/compiler-dom/-/compiler-dom-3.0.0.tgz",
      "integrity": "sha512-ukDEGOP8P7lCPyStuM3F2iD5w2QPgUu2xwCW2XNeqPjFKIlR2xMsWjy4raI/cLjN6W16GtlMFaZdK8tLj5PRog==",
      "requires": {
        "@vue/compiler-core": "3.0.0",
        "@vue/shared": "3.0.0"
      }
    },
    "@vue/reactivity": {
      "version": "3.0.0",
      "resolved": "https://registry.npmjs.org/@vue/reactivity/-/reactivity-3.0.0.tgz",
      "integrity": "sha512-mEGkztGQrAPZRhV7C6PorrpT3+NtuA4dY2QjMzzrW31noKhssWTajRZTwpLF39NBRrF5UU6cp9+1I0FfavMgEQ==",
      "requires": {
        "@vue/shared": "3.0.0"
      }
    },
    "@vue/runtime-core": {
      "version": "3.0.0",
      "resolved": "https://registry.npmjs.org/@vue/runtime-core/-/runtime-core-3.0.0.tgz",
      "integrity": "sha512-3ABMLeA0ZbeVNLbGGLXr+pNUwqXILOqz8WCVGfDWwQb+jW114Cm8djOHVVDoqdvRETQvDf8yHSUmpKHZpQuTkA==",
      "requires": {
        "@vue/reactivity": "3.0.0",
        "@vue/shared": "3.0.0"
      }
    },
    "@vue/runtime-dom": {
      "version": "3.0.0",
      "resolved": "https://registry.npmjs.org/@vue/runtime-dom/-/runtime-dom-3.0.0.tgz",
      "integrity": "sha512-f312n5w9gK6mVvkDSj6/Xnot1XjlKXzFBYybmoy6ahAVC8ExbQ+LOWti1IZM/adU8VMNdKaw7Q53Hxz3y5jX8g==",
      "requires": {
        "@vue/runtime-core": "3.0.0",
        "@vue/shared": "3.0.0",
        "csstype": "^2.6.8"
      }
    },
    "@vue/shared": {
      "version": "3.0.0",
      "resolved": "https://registry.npmjs.org/@vue/shared/-/shared-3.0.0.tgz",
      "integrity": "sha512-4XWL/avABGxU2E2ZF1eZq3Tj7fvksCMssDZUHOykBIMmh5d+KcAnQMC5XHMhtnA0NAvktYsA2YpdsVwVmhWzvA=="
    },
    "bootbox": {
      "version": "6.0.0",
      "resolved": "https://registry.npmjs.org/bootbox/-/bootbox-6.0.0.tgz",
      "integrity": "sha512-+Calbj1v5UvxAXXDAHfoBlsx63Hcz1JqHaZdJ5EjIcOlkyAbZLCreVScx0Em6ZUvsMCqynuz/3nGDyd9FtFrNQ=="
    },
    "csstype": {
      "version": "2.6.21",
      "resolved": "https://registry.npmjs.org/csstype/-/csstype-2.6.21.tgz",
      "integrity": "sha512-Z1PhmomIfypOpoMjRQB70jfvy/wxT50qW08YXO5lMIJkrdq4yOTR+AW7FqutScmB9NkLwxo+jU+kZLbofZZq/w=="
    },
    "estree-walker": {
      "version": "2.0.2",
      "resolved": "https://registry.npmjs.org/estree-walker/-/estree-walker-2.0.2.tgz",
      "integrity": "sha512-Rfkk/Mp/DL7JVje3u18FxFujQlTNR2q6QfMSMB7AvCBx91NGj/ba3kCfza0f6dVDbw7YlRf/nDrn7pQrCCyQ/w=="
    },
    "font-awesome": {
      "version": "4.7.0",
      "resolved": "https://registry.npmjs.org/font-awesome/-/font-awesome-4.7.0.tgz",
      "integrity": "sha512-U6kGnykA/6bFmg1M/oT9EkFeIYv7JlX3bozwQJWiiLz6L0w3F5vBVPxHlwyX/vtNq1ckcpRKOB9f2Qal/VtFpg=="
    },
    "htmx.org": {
      "version": "1.7.0",
      "resolved": "https://registry.npmjs.org/htmx.org/-/htmx.org-1.7.0.tgz",
      "integrity": "sha512-wIQ3yNq7yiLTm+6BhV7Z8qKKTzEQv9xN/I4QsN5FvdGi69SNWTsSMlhH69HPa1rpZ8zSq1A/e7gTbTySxliP8g=="
    },
    "immediate": {
      "version": "3.0.6",
      "resolved": "https://registry.npmjs.org/immediate/-/immediate-3.0.6.tgz",
      "integrity": "sha512-XXOFtyqDjNDAQxVfYxuF7g9Il/IbWmmlQg2MYKOH8ExIT1qg6xc4zyS3HaEEATgs1btfzxq15ciUiY7gjSXRGQ=="
    },
    "intro.js": {
      "version": "2.9.3",
      "resolved": "https://registry.npmjs.org/intro.js/-/intro.js-2.9.3.tgz",
      "integrity": "sha512-hC+EXWnEuJeA3CveGMat3XHePd2iaXNFJIVfvJh2E9IzBMGLTlhWvPIVHAgKlOpO4lNayCxEqzr4N02VmHFr9Q=="
    },
    "jquery": {
      "version": "3.6.4",
      "resolved": "https://registry.npmjs.org/jquery/-/jquery-3.6.4.tgz",
      "integrity": "sha512-v28EW9DWDFpzcD9O5iyJXg3R3+q+mET5JhnjJzQUZMHOv67bpSIHq81GEYpPNZHG+XXHsfSme3nxp/hndKEcsQ=="
    },
    "lie": {
      "version": "3.1.1",
      "resolved": "https://registry.npmjs.org/lie/-/lie-3.1.1.tgz",
      "integrity": "sha512-RiNhHysUjhrDQntfYSfY4MU24coXXdEOgw9WGcKHNeEwffDYbF//u87M1EWaMGzuFoSbqW0C9C6lEEhDOAswfw==",
      "requires": {
        "immediate": "~3.0.5"
      }
    },
    "localforage": {
      "version": "1.10.0",
      "resolved": "https://registry.npmjs.org/localforage/-/localforage-1.10.0.tgz",
      "integrity": "sha512-14/H1aX7hzBBmmh7sGPd+AOMkkIrHM3Z1PAyGgZigA1H1p5O5ANnMyWzvpAETtG68/dC4pC0ncy3+PPGzXZHPg==",
      "requires": {
        "lie": "3.1.1"
      }
    },
    "multiple-select": {
      "version": "1.5.2",
      "resolved": "https://registry.npmjs.org/multiple-select/-/multiple-select-1.5.2.tgz",
      "integrity": "sha512-sTNNRrjnTtB1b1+HTKcjQ/mjWY7Gvigo9F3C/3oTQCTFEpYzwaRYFPRAOu2SogfA1hEfyJTXjyS1VAbanJMsmA=="
    },
    "parsleyjs": {
      "version": "2.9.2",
      "resolved": "https://registry.npmjs.org/parsleyjs/-/parsleyjs-2.9.2.tgz",
      "integrity": "sha512-DKS2XXTjEUZ1BJWUzgXAr+550kFBZrom2WYweubqdV7WzdNC1hjOajZDfeBPoAZMkXumJPlB3v37IKatbiW8zQ==",
      "requires": {
        "jquery": ">=1.8.0"
      }
    },
    "qrious": {
      "version": "4.0.2",
      "resolved": "https://registry.npmjs.org/qrious/-/qrious-4.0.2.tgz",
      "integrity": "sha512-xWPJIrK1zu5Ypn898fBp8RHkT/9ibquV2Kv24S/JY9VYEhMBMKur1gHVsOiNUh7PHP9uCgejjpZUHUIXXKoU/g=="
    },
    "source-map": {
      "version": "0.6.1",
      "resolved": "https://registry.npmjs.org/source-map/-/source-map-0.6.1.tgz",
      "integrity": "sha512-UjgapumWlbMhkBgzT7Ykc5YXUT46F0iKu8SGXq0bcwP5dz/h0Plj6enJqjz1Zbq2l5WaqYnrVbwWOWMyF3F47g=="
    },
    "toastr": {
      "version": "2.1.4",
      "resolved": "https://registry.npmjs.org/toastr/-/toastr-2.1.4.tgz",
      "integrity": "sha512-LIy77F5n+sz4tefMmFOntcJ6HL0Fv3k1TDnNmFZ0bU/GcvIIfy6eG2v7zQmMiYgaalAiUv75ttFrPn5s0gyqlA==",
      "requires": {
        "jquery": ">=1.12.0"
      }
    },
    "vue": {
      "version": "3.0.0",
      "resolved": "https://registry.npmjs.org/vue/-/vue-3.0.0.tgz",
      "integrity": "sha512-ZMrAARZ32sGIaYKr7Fk2GZEBh/VhulSrGxcGBiAvbN4fhjl3tuJyNFbbbLFqGjndbLoBW66I2ECq8ICdvkKdJw==",
      "requires": {
        "@vue/compiler-dom": "3.0.0",
        "@vue/runtime-dom": "3.0.0",
        "@vue/shared": "3.0.0"
      }
    }
  }
}
